<?xml version="1.0" encoding="utf-8"?>
<Project ToolsVersion="4.0" xmlns="http://schemas.microsoft.com/developer/msbuild/2003">
  <ItemGroup>
    <Filter Include="Common">
      <UniqueIdentifier>{f33f1d98-4f8c-43ed-9256-d8a23fa97fef}</UniqueIdentifier>
    </Filter>
    <Filter Include="Img">
      <UniqueIdentifier>{d88d39d8-1eb2-4b11-bbaa-47815e312278}</UniqueIdentifier>
    </Filter>
    <Filter Include="ResourcesMgr">
      <UniqueIdentifier>{92c6010d-1451-400c-bf59-27c84ff81c9e}</UniqueIdentifier>
    </Filter>
    <Filter Include="Data">
      <UniqueIdentifier>{483e1b59-86ae-40ab-b8e9-6d292ba794d5}</UniqueIdentifier>
    </Filter>
  </ItemGroup>
  <ItemGroup>
    <ClInclude Include="Common.h">
      <Filter>Common</Filter>
    </ClInclude>
    <ClInclude Include="Img.h">
      <Filter>Img</Filter>
    </ClInclude>
    <ClInclude Include="Singleton.h">
      <Filter>Common</Filter>
    </ClInclude>
    <ClInclude Include="ResourcesMgr.h">
      <Filter>ResourcesMgr</Filter>
    </ClInclude>
    <ClInclude Include="Data.h" />
  </ItemGroup>
  <ItemGroup>
    <ClCompile Include="Img.cpp">
      <Filter>Img</Filter>
    </ClCompile>
    <ClCompile Include="ResourcesMgr.cpp">
      <Filter>ResourcesMgr</Filter>
    </ClCompile>
    <ClCompile Include="Data.cpp" />
  </ItemGroup>
</Project>