<?xml version="1.0" encoding="utf-8"?>
<Project ToolsVersion="4.0" xmlns="http://schemas.microsoft.com/developer/msbuild/2003">
  <ItemGroup>
    <Filter Include="Common">
      <UniqueIdentifier>{f33f1d98-4f8c-43ed-9256-d8a23fa97fef}</UniqueIdentifier>
    </Filter>
    <Filter Include="Img">
      <UniqueIdentifier>{d88d39d8-1eb2-4b11-bbaa-47815e312278}</UniqueIdentifier>
    </Filter>
    <Filter Include="ResourcesMgr">
      <UniqueIdentifier>{92c6010d-1451-400c-bf59-27c84ff81c9e}</UniqueIdentifier>
    </Filter>
    <Filter Include="HashTable">
      <UniqueIdentifier>{986f2d64-8f65-48ef-a2b0-caee7edb7025}</UniqueIdentifier>
    </Filter>
    <Filter Include="Texture">
      <UniqueIdentifier>{67d7d8e9-23f1-404c-8e22-1a6def25708b}</UniqueIdentifier>
    </Filter>
    <Filter Include="Render">
      <UniqueIdentifier>{6b7dc007-1124-4008-bacf-dff500614b6c}</UniqueIdentifier>
    </Filter>
  </ItemGroup>
  <ItemGroup>
    <ClInclude Include="Common.h">
      <Filter>Common</Filter>
    </ClInclude>
    <ClInclude Include="Img.h">
      <Filter>Img</Filter>
    </ClInclude>
    <ClInclude Include="Singleton.h">
      <Filter>Common</Filter>
    </ClInclude>
    <ClInclude Include="ResourcesMgr.h">
      <Filter>ResourcesMgr</Filter>
    </ClInclude>
    <ClInclude Include="HashTable.h">
      <Filter>HashTable</Filter>
    </ClInclude>
    <ClInclude Include="Texture.h">
      <Filter>Texture</Filter>
    </ClInclude>
    <ClInclude Include="Render.h">
      <Filter>Render</Filter>
    </ClInclude>
  </ItemGroup>
  <ItemGroup>
    <ClCompile Include="Img.cpp">
      <Filter>Img</Filter>
    </ClCompile>
    <ClCompile Include="ResourcesMgr.cpp">
      <Filter>ResourcesMgr</Filter>
    </ClCompile>
    <ClCompile Include="HashTable.cpp">
      <Filter>HashTable</Filter>
    </ClCompile>
    <ClCompile Include="Texture.cpp">
      <Filter>Texture</Filter>
    </ClCompile>
    <ClCompile Include="Render.cpp">
      <Filter>Render</Filter>
    </ClCompile>
  </ItemGroup>
</Project>